{
  "name": "how-npm3-works",
  "version": "1.0.0",
  "lockfileVersion": 1,
  "requires": true,
  "dependencies": {
    "npm-test-lib-a": {
      "version": "1.1.2-snapshot.4",
      "resolved": "https://registry.npmjs.org/npm-test-lib-a/-/npm-test-lib-a-1.1.2-snapshot.4.tgz",
      "integrity": "sha512-7vgZt6JmVDpcywgo8XBcECeR7uyHFdFww26d4+J18xGU0FuE8rDsBF6R5REKCGjO4Mc+vgyUR5PqM5qzMw2vqw=="
    },
    "typescript": {
      "version": "3.8.3",
      "resolved": "https://registry.npmjs.org/typescript/-/typescript-3.8.3.tgz",
      "integrity": "sha512-MYlEfn5VrLNsgudQTVJeNaQFUAI7DkhnOjdpAp4T+ku1TfQClewlbSuTVHiA+8skNBgaf02TL/kLOvig4y3G8w==",
      "dev": true
    }
  }
}
