{
  "name": "how-npm3-works",
  "version": "1.0.0",
  "lockfileVersion": 1,
  "requires": true,
  "dependencies": {
    "npm-test-lib-a": {
      "version": "0.0.0-snapshot.4",
      "resolved": "https://registry.npmjs.org/npm-test-lib-a/-/npm-test-lib-a-0.0.0-snapshot.4.tgz",
      "integrity": "sha512-9OO89APBslilEBp8sRW5OXBpcWFYSN+e9EVw+W5afT7p3pejRoPeHk+YgI1j+cDiS1JEJBwHSx03Ib1T66Y/aQ=="
    },
    "typescript": {
      "version": "3.8.3",
      "resolved": "https://registry.npmjs.org/typescript/-/typescript-3.8.3.tgz",
      "integrity": "sha512-MYlEfn5VrLNsgudQTVJeNaQFUAI7DkhnOjdpAp4T+ku1TfQClewlbSuTVHiA+8skNBgaf02TL/kLOvig4y3G8w==",
      "dev": true
    }
  }
}
